
Microsoft Visual Studio Solution File, Format Version 12.00
# Visual Studio Version 17
VisualStudioVersion = 17.9.34701.34
MinimumVisualStudioVersion = 10.0.40219.1
Project("{FAE04EC0-301F-11D3-BF4B-00C04F79EFBC}") = "PBL3 - Cosmetics Store Management App", "PBL3 - Cosmetics Store Management App\PBL3 - Cosmetics Store Management App.csproj", "{4E139656-4FB5-40EA-8E9D-4BACFD9D532C}"
EndProject
Global
	GlobalSection(SolutionConfigurationPlatforms) = preSolution
		Debug|Any CPU = Debug|Any CPU
		Release|Any CPU = Release|Any CPU
	EndGlobalSection
	GlobalSection(ProjectConfigurationPlatforms) = postSolution
		{4E139656-4FB5-40EA-8E9D-4BACFD9D532C}.Debug|Any CPU.ActiveCfg = Debug|Any CPU
		{4E139656-4FB5-40EA-8E9D-4BACFD9D532C}.Debug|Any CPU.Build.0 = Debug|Any CPU
		{4E139656-4FB5-40EA-8E9D-4BACFD9D532C}.Release|Any CPU.ActiveCfg = Release|Any CPU
		{4E139656-4FB5-40EA-8E9D-4BACFD9D532C}.Release|Any CPU.Build.0 = Release|Any CPU
	EndGlobalSection
	GlobalSection(SolutionProperties) = preSolution
		HideSolutionNode = FALSE
	EndGlobalSection
	GlobalSection(ExtensibilityGlobals) = postSolution
		SolutionGuid = {2D4F043A-CF73-4BE8-87DB-3379E1D979D8}
	EndGlobalSection
EndGlobal
